
Microsoft Visual Studio Solution File, Format Version 12.00
# Visual Studio 14
VisualStudioVersion = 14.0.25420.1
MinimumVisualStudioVersion = 10.0.40219.1
Project("{8BC9CEB8-8B4A-11D0-8D11-00A0C91BC942}") = "SortPack", "SortPack\SortPack.vcxproj", "{A39B63A0-D86B-4263-ADEE-A2CC155BDA6D}"
EndProject
Project("{8BC9CEB8-8B4A-11D0-8D11-00A0C91BC942}") = "UNitTest1", "UNitTest1\UNitTest1.vcxproj", "{9AB4E1F9-B867-4BFB-87BE-FD9EE1A88AE1}"
EndProject
Global
	GlobalSection(SolutionConfigurationPlatforms) = preSolution
		Debug|x64 = Debug|x64
		Debug|x86 = Debug|x86
		Release|x64 = Release|x64
		Release|x86 = Release|x86
	EndGlobalSection
	GlobalSection(ProjectConfigurationPlatforms) = postSolution
		{A39B63A0-D86B-4263-ADEE-A2CC155BDA6D}.Debug|x64.ActiveCfg = Debug|x64
		{A39B63A0-D86B-4263-ADEE-A2CC155BDA6D}.Debug|x64.Build.0 = Debug|x64
		{A39B63A0-D86B-4263-ADEE-A2CC155BDA6D}.Debug|x86.ActiveCfg = Debug|Win32
		{A39B63A0-D86B-4263-ADEE-A2CC155BDA6D}.Debug|x86.Build.0 = Debug|Win32
		{A39B63A0-D86B-4263-ADEE-A2CC155BDA6D}.Release|x64.ActiveCfg = Release|x64
		{A39B63A0-D86B-4263-ADEE-A2CC155BDA6D}.Release|x64.Build.0 = Release|x64
		{A39B63A0-D86B-4263-ADEE-A2CC155BDA6D}.Release|x86.ActiveCfg = Release|Win32
		{A39B63A0-D86B-4263-ADEE-A2CC155BDA6D}.Release|x86.Build.0 = Release|Win32
		{9AB4E1F9-B867-4BFB-87BE-FD9EE1A88AE1}.Debug|x64.ActiveCfg = Debug|x64
		{9AB4E1F9-B867-4BFB-87BE-FD9EE1A88AE1}.Debug|x64.Build.0 = Debug|x64
		{9AB4E1F9-B867-4BFB-87BE-FD9EE1A88AE1}.Debug|x86.ActiveCfg = Debug|Win32
		{9AB4E1F9-B867-4BFB-87BE-FD9EE1A88AE1}.Debug|x86.Build.0 = Debug|Win32
		{9AB4E1F9-B867-4BFB-87BE-FD9EE1A88AE1}.Release|x64.ActiveCfg = Release|x64
		{9AB4E1F9-B867-4BFB-87BE-FD9EE1A88AE1}.Release|x64.Build.0 = Release|x64
		{9AB4E1F9-B867-4BFB-87BE-FD9EE1A88AE1}.Release|x86.ActiveCfg = Release|Win32
		{9AB4E1F9-B867-4BFB-87BE-FD9EE1A88AE1}.Release|x86.Build.0 = Release|Win32
	EndGlobalSection
	GlobalSection(SolutionProperties) = preSolution
		HideSolutionNode = FALSE
	EndGlobalSection
EndGlobal
